
Microsoft Visual Studio Solution File, Format Version 12.00
# Visual Studio Version 16
VisualStudioVersion = 16.0.33027.164
MinimumVisualStudioVersion = 10.0.40219.1
Project("{8BC9CEB8-8B4A-11D0-8D11-00A0C91BC942}") = "High_concurrent_memory_pool", "High_concurrent_memory_pool\High_concurrent_memory_pool.vcxproj", "{5FAF36E2-3EF2-4C33-977D-A7F058FDB2FF}"
EndProject
Global
	GlobalSection(SolutionConfigurationPlatforms) = preSolution
		Debug|x64 = Debug|x64
		Debug|x86 = Debug|x86
		Release|x64 = Release|x64
		Release|x86 = Release|x86
	EndGlobalSection
	GlobalSection(ProjectConfigurationPlatforms) = postSolution
		{5FAF36E2-3EF2-4C33-977D-A7F058FDB2FF}.Debug|x64.ActiveCfg = Debug|x64
		{5FAF36E2-3EF2-4C33-977D-A7F058FDB2FF}.Debug|x64.Build.0 = Debug|x64
		{5FAF36E2-3EF2-4C33-977D-A7F058FDB2FF}.Debug|x86.ActiveCfg = Debug|Win32
		{5FAF36E2-3EF2-4C33-977D-A7F058FDB2FF}.Debug|x86.Build.0 = Debug|Win32
		{5FAF36E2-3EF2-4C33-977D-A7F058FDB2FF}.Release|x64.ActiveCfg = Release|x64
		{5FAF36E2-3EF2-4C33-977D-A7F058FDB2FF}.Release|x64.Build.0 = Release|x64
		{5FAF36E2-3EF2-4C33-977D-A7F058FDB2FF}.Release|x86.ActiveCfg = Release|Win32
		{5FAF36E2-3EF2-4C33-977D-A7F058FDB2FF}.Release|x86.Build.0 = Release|Win32
	EndGlobalSection
	GlobalSection(SolutionProperties) = preSolution
		HideSolutionNode = FALSE
	EndGlobalSection
	GlobalSection(ExtensibilityGlobals) = postSolution
		SolutionGuid = {28FAB457-9CB3-4B75-BB40-7FEB91A9C439}
	EndGlobalSection
EndGlobal
